<?xml version="1.0" encoding="UTF-8" standalone="yes" ?>
<CodeBlocks_project_file>
	<FileVersion major="1" minor="6" />
	<Project>
		<Option title="phenomenon" />
		<Option pch_mode="2" />
		<Option compiler="gcc" />
		<Build>
			<Target title="Debug">
				<Option output="bin/Debug/phenomenon" prefix_auto="1" extension_auto="1" />
				<Option object_output="obj/Debug/" />
				<Option type="1" />
				<Option compiler="gcc" />
				<Compiler>
					<Add option="-Wextra" />
					<Add option="-g" />
					<Add directory="src" />
				</Compiler>
			</Target>
			<Target title="Release">
				<Option output="bin/Release/phenomenon" prefix_auto="1" extension_auto="1" />
				<Option object_output="obj/Release/" />
				<Option type="1" />
				<Option compiler="gcc" />
				<Compiler>
					<Add option="-O2" />
				</Compiler>
				<Linker>
					<Add option="-s" />
				</Linker>
			</Target>
		</Build>
		<Compiler>
			<Add option="-g" />
			<Add option="-fexceptions" />
			<Add directory="/usr/include/SDL" />
		</Compiler>
		<Linker>
			<Add library="SDL" />
			<Add library="GL" />
			<Add library="GLU" />
			<Add library="GLEW" />
		</Linker>
		<Unit filename="main.cpp" />
		<Unit filename="phenomenon/Camera.cpp" />
		<Unit filename="phenomenon/Camera.h" />
		<Unit filename="phenomenon/DataTypes.cpp" />
		<Unit filename="phenomenon/DataTypes.h" />
		<Unit filename="phenomenon/ExpandableArray.h" />
		<Unit filename="phenomenon/Light.cpp" />
		<Unit filename="phenomenon/Light.h" />
		<Unit filename="phenomenon/Material.cpp" />
		<Unit filename="phenomenon/Material.h" />
		<Unit filename="phenomenon/Node.cpp" />
		<Unit filename="phenomenon/Node.h" />
		<Unit filename="phenomenon/Phenomenon.h" />
		<Unit filename="phenomenon/Render.cpp" />
		<Unit filename="phenomenon/Render.h" />
		<Unit filename="phenomenon/Scene.cpp" />
		<Unit filename="phenomenon/Scene.h" />
		<Unit filename="phenomenon/Square.cpp" />
		<Unit filename="phenomenon/Square.h" />
		<Unit filename="phenomenon/StaticObject.cpp" />
		<Unit filename="phenomenon/StaticObject.h" />
		<Unit filename="phenomenon/Texture.cpp" />
		<Unit filename="phenomenon/Texture.h" />
		<Unit filename="phenomenon/Triangle.cpp" />
		<Unit filename="phenomenon/Triangle.h" />
		<Unit filename="phenomenon/Window.cpp" />
		<Unit filename="phenomenon/Window.h" />
		<Extensions>
			<code_completion />
			<debugger />
		</Extensions>
	</Project>
</CodeBlocks_project_file>
