<?xml version="1.0" encoding="UTF-8" standalone="yes" ?>
<CodeBlocks_project_file>
	<FileVersion major="1" minor="6" />
	<Project>
		<Option title="phenomenon_demo" />
		<Option pch_mode="2" />
		<Option compiler="gcc" />
		<Build>
			<Target title="Debug">
				<Option output="phenomenon_demo" prefix_auto="1" extension_auto="1" />
				<Option object_output="Debug_objs" />
				<Option type="1" />
				<Option compiler="gcc" />
				<Compiler>
					<Add option="-Wextra" />
					<Add option="-Wall" />
					<Add option="-g" />
					<Add option="-DGLEW_STATIC" />
				</Compiler>
			</Target>
			<Target title="Release">
				<Option output="bin\Release\phenomenon_demo" prefix_auto="1" extension_auto="1" />
				<Option object_output="obj\Release\" />
				<Option type="1" />
				<Option compiler="gcc" />
				<Compiler>
					<Add option="-O3" />
				</Compiler>
				<Linker>
					<Add option="-s" />
				</Linker>
			</Target>
		</Build>
		<Compiler>
			<Add option="-fexceptions" />
			<Add option="-DGLEW_STATIC" />
			<Add directory="..\..\SDL-1.2.15\include" />
			<Add directory="..\..\SDL-1.2.15\include\SDL" />
			<Add directory="..\..\bullet-2.80-rev2531\src" />
			<Add directory="..\..\glew-1.7.0\include" />
		</Compiler>
		<Linker>
			<Add library="phenomenon" />
			<Add library="mingw32" />
			<Add library="SDLmain" />
			<Add library="SDL.dll" />
			<Add library="glu32" />
			<Add library="opengl32" />
			<Add library="gdi32" />
			<Add library="BulletDynamics" />
			<Add library="BulletCollision" />
			<Add library="LinearMath" />
			<Add directory="..\..\Phenomenon-Engine" />
			<Add directory="..\..\SDL-1.2.15\lib" />
			<Add directory="..\..\bullet-2.80-rev2531\lib" />
		</Linker>
		<Unit filename="..\data\FullScreenQuad.frag" />
		<Unit filename="..\data\FullScreenQuad.vert" />
		<Unit filename="..\data\LightPass.frag" />
		<Unit filename="..\data\LightPass.vert" />
		<Unit filename="..\data\sample_shader.frag" />
		<Unit filename="..\data\sample_shader.vert" />
		<Unit filename="demo.cpp" />
		<Extensions>
			<code_completion />
			<debugger />
		</Extensions>
	</Project>
</CodeBlocks_project_file>
